
Microsoft Visual Studio Solution File, Format Version 12.00
# Visual Studio Version 16
VisualStudioVersion = 16.0.30621.155
MinimumVisualStudioVersion = 10.0.40219.1
Project("{FAE04EC0-301F-11D3-BF4B-00C04F79EFBC}") = "Coco.Comsumer", "Coco.Comsumer\Coco.Comsumer.csproj", "{9F7287EC-F8CE-43A4-805F-E444D11C0B9B}"
EndProject
Global
	GlobalSection(SolutionConfigurationPlatforms) = preSolution
		Debug|Any CPU = Debug|Any CPU
		Release|Any CPU = Release|Any CPU
	EndGlobalSection
	GlobalSection(ProjectConfigurationPlatforms) = postSolution
		{9F7287EC-F8CE-43A4-805F-E444D11C0B9B}.Debug|Any CPU.ActiveCfg = Debug|Any CPU
		{9F7287EC-F8CE-43A4-805F-E444D11C0B9B}.Debug|Any CPU.Build.0 = Debug|Any CPU
		{9F7287EC-F8CE-43A4-805F-E444D11C0B9B}.Release|Any CPU.ActiveCfg = Release|Any CPU
		{9F7287EC-F8CE-43A4-805F-E444D11C0B9B}.Release|Any CPU.Build.0 = Release|Any CPU
	EndGlobalSection
	GlobalSection(SolutionProperties) = preSolution
		HideSolutionNode = FALSE
	EndGlobalSection
	GlobalSection(ExtensibilityGlobals) = postSolution
		SolutionGuid = {A4E6DDBA-B84B-49DB-A221-AAA668BA49A9}
	EndGlobalSection
EndGlobal
